// !$*UTF8*$!
{
	archiveVersion = 1;
	classes = {
	};
	objectVersion = 56;
	objects = {

/* Begin PBXBuildFile section */
		758652522A9B29D10015C547 /* BestRecipesApp.swift in Sources */ = {isa = PBXBuildFile; fileRef = 758652512A9B29D10015C547 /* BestRecipesApp.swift */; };
		758652542A9B29D10015C547 /* ContentView.swift in Sources */ = {isa = PBXBuildFile; fileRef = 758652532A9B29D10015C547 /* ContentView.swift */; };
		758652562A9B29D20015C547 /* Assets.xcassets in Resources */ = {isa = PBXBuildFile; fileRef = 758652552A9B29D20015C547 /* Assets.xcassets */; };
		758652592A9B29D20015C547 /* Preview Assets.xcassets in Resources */ = {isa = PBXBuildFile; fileRef = 758652582A9B29D20015C547 /* Preview Assets.xcassets */; };
		758652602A9B2C6A0015C547 /* HomeView.swift in Sources */ = {isa = PBXBuildFile; fileRef = 7586525F2A9B2C6A0015C547 /* HomeView.swift */; };
		758652622A9B2CB60015C547 /* SavedRecipesView.swift in Sources */ = {isa = PBXBuildFile; fileRef = 758652612A9B2CB60015C547 /* SavedRecipesView.swift */; };
		758652642A9B2F5E0015C547 /* TrendingNowView.swift in Sources */ = {isa = PBXBuildFile; fileRef = 758652632A9B2F5E0015C547 /* TrendingNowView.swift */; };
		758652672A9B306E0015C547 /* AddRecipeView.swift in Sources */ = {isa = PBXBuildFile; fileRef = 758652662A9B306E0015C547 /* AddRecipeView.swift */; };
/* End PBXBuildFile section */

/* Begin PBXFileReference section */
		7586524E2A9B29D10015C547 /* BestRecipes.app */ = {isa = PBXFileReference; explicitFileType = wrapper.application; includeInIndex = 0; path = BestRecipes.app; sourceTree = BUILT_PRODUCTS_DIR; };
		758652512A9B29D10015C547 /* BestRecipesApp.swift */ = {isa = PBXFileReference; lastKnownFileType = sourcecode.swift; path = BestRecipesApp.swift; sourceTree = "<group>"; };
		758652532A9B29D10015C547 /* ContentView.swift */ = {isa = PBXFileReference; lastKnownFileType = sourcecode.swift; path = ContentView.swift; sourceTree = "<group>"; };
		758652552A9B29D20015C547 /* Assets.xcassets */ = {isa = PBXFileReference; lastKnownFileType = folder.assetcatalog; path = Assets.xcassets; sourceTree = "<group>"; };
		758652582A9B29D20015C547 /* Preview Assets.xcassets */ = {isa = PBXFileReference; lastKnownFileType = folder.assetcatalog; path = "Preview Assets.xcassets"; sourceTree = "<group>"; };
		7586525F2A9B2C6A0015C547 /* HomeView.swift */ = {isa = PBXFileReference; lastKnownFileType = sourcecode.swift; path = HomeView.swift; sourceTree = "<group>"; };
		758652612A9B2CB60015C547 /* SavedRecipesView.swift */ = {isa = PBXFileReference; lastKnownFileType = sourcecode.swift; path = SavedRecipesView.swift; sourceTree = "<group>"; };
		758652632A9B2F5E0015C547 /* TrendingNowView.swift */ = {isa = PBXFileReference; lastKnownFileType = sourcecode.swift; path = TrendingNowView.swift; sourceTree = "<group>"; };
		758652662A9B306E0015C547 /* AddRecipeView.swift */ = {isa = PBXFileReference; lastKnownFileType = sourcecode.swift; path = AddRecipeView.swift; sourceTree = "<group>"; };
/* End PBXFileReference section */

/* Begin PBXFrameworksBuildPhase section */
		7586524B2A9B29D10015C547 /* Frameworks */ = {
			isa = PBXFrameworksBuildPhase;
			buildActionMask = 2147483647;
			files = (
			);
			runOnlyForDeploymentPostprocessing = 0;
		};
/* End PBXFrameworksBuildPhase section */

/* Begin PBXGroup section */
		758652452A9B29D10015C547 = {
			isa = PBXGroup;
			children = (
				758652502A9B29D10015C547 /* BestRecipes */,
				7586524F2A9B29D10015C547 /* Products */,
			);
			sourceTree = "<group>";
		};
		7586524F2A9B29D10015C547 /* Products */ = {
			isa = PBXGroup;
			children = (
				7586524E2A9B29D10015C547 /* BestRecipes.app */,
			);
			name = Products;
			sourceTree = "<group>";
		};
		758652502A9B29D10015C547 /* BestRecipes */ = {
			isa = PBXGroup;
			children = (
				A129280B2A9B431400DCE389 /* Application */,
				758652652A9B2FED0015C547 /* Views */,
				A129280E2A9B51C600DCE389 /* Components */,
				A129280C2A9B431900DCE389 /* Resources */,
				758652572A9B29D20015C547 /* Preview Content */,
			);
			path = BestRecipes;
			sourceTree = "<group>";
		};
		758652572A9B29D20015C547 /* Preview Content */ = {
			isa = PBXGroup;
			children = (
				758652582A9B29D20015C547 /* Preview Assets.xcassets */,
			);
			path = "Preview Content";
			sourceTree = "<group>";
		};
		758652652A9B2FED0015C547 /* Views */ = {
			isa = PBXGroup;
			children = (
				A129280D2A9B51A700DCE389 /* Tabbar */,
				758652532A9B29D10015C547 /* ContentView.swift */,
				7586525F2A9B2C6A0015C547 /* HomeView.swift */,
				758652612A9B2CB60015C547 /* SavedRecipesView.swift */,
				758652632A9B2F5E0015C547 /* TrendingNowView.swift */,
				758652662A9B306E0015C547 /* AddRecipeView.swift */,
			);
			path = Views;
			sourceTree = "<group>";
		};
		A129280B2A9B431400DCE389 /* Application */ = {
			isa = PBXGroup;
			children = (
				758652512A9B29D10015C547 /* BestRecipesApp.swift */,
			);
			path = Application;
			sourceTree = "<group>";
		};
		A129280C2A9B431900DCE389 /* Resources */ = {
			isa = PBXGroup;
			children = (
				758652552A9B29D20015C547 /* Assets.xcassets */,
			);
			path = Resources;
			sourceTree = "<group>";
		};
		A129280D2A9B51A700DCE389 /* Tabbar */ = {
			isa = PBXGroup;
			children = (
			);
			path = Tabbar;
			sourceTree = "<group>";
		};
		A129280E2A9B51C600DCE389 /* Components */ = {
			isa = PBXGroup;
			children = (
			);
			path = Components;
			sourceTree = "<group>";
		};
/* End PBXGroup section */

/* Begin PBXNativeTarget section */
		7586524D2A9B29D10015C547 /* BestRecipes */ = {
			isa = PBXNativeTarget;
			buildConfigurationList = 7586525C2A9B29D20015C547 /* Build configuration list for PBXNativeTarget "BestRecipes" */;
			buildPhases = (
				7586524A2A9B29D10015C547 /* Sources */,
				7586524B2A9B29D10015C547 /* Frameworks */,
				7586524C2A9B29D10015C547 /* Resources */,
			);
			buildRules = (
			);
			dependencies = (
			);
			name = BestRecipes;
			productName = BestRecipes;
			productReference = 7586524E2A9B29D10015C547 /* BestRecipes.app */;
			productType = "com.apple.product-type.application";
		};
/* End PBXNativeTarget section */

/* Begin PBXProject section */
		758652462A9B29D10015C547 /* Project object */ = {
			isa = PBXProject;
			attributes = {
				BuildIndependentTargetsInParallel = 1;
				LastSwiftUpdateCheck = 1410;
				LastUpgradeCheck = 1410;
				TargetAttributes = {
					7586524D2A9B29D10015C547 = {
						CreatedOnToolsVersion = 14.1;
					};
				};
			};
			buildConfigurationList = 758652492A9B29D10015C547 /* Build configuration list for PBXProject "BestRecipes" */;
			compatibilityVersion = "Xcode 14.0";
			developmentRegion = en;
			hasScannedForEncodings = 0;
			knownRegions = (
				en,
				Base,
			);
			mainGroup = 758652452A9B29D10015C547;
			productRefGroup = 7586524F2A9B29D10015C547 /* Products */;
			projectDirPath = "";
			projectRoot = "";
			targets = (
				7586524D2A9B29D10015C547 /* BestRecipes */,
			);
		};
/* End PBXProject section */

/* Begin PBXResourcesBuildPhase section */
		7586524C2A9B29D10015C547 /* Resources */ = {
			isa = PBXResourcesBuildPhase;
			buildActionMask = 2147483647;
			files = (
				758652592A9B29D20015C547 /* Preview Assets.xcassets in Resources */,
				758652562A9B29D20015C547 /* Assets.xcassets in Resources */,
			);
			runOnlyForDeploymentPostprocessing = 0;
		};
/* End PBXResourcesBuildPhase section */

/* Begin PBXSourcesBuildPhase section */
		7586524A2A9B29D10015C547 /* Sources */ = {
			isa = PBXSourcesBuildPhase;
			buildActionMask = 2147483647;
			files = (
				758652602A9B2C6A0015C547 /* HomeView.swift in Sources */,
				758652542A9B29D10015C547 /* ContentView.swift in Sources */,
				758652672A9B306E0015C547 /* AddRecipeView.swift in Sources */,
				758652622A9B2CB60015C547 /* SavedRecipesView.swift in Sources */,
				758652642A9B2F5E0015C547 /* TrendingNowView.swift in Sources */,
				758652522A9B29D10015C547 /* BestRecipesApp.swift in Sources */,
			);
			runOnlyForDeploymentPostprocessing = 0;
		};
/* End PBXSourcesBuildPhase section */

/* Begin XCBuildConfiguration section */
		7586525A2A9B29D20015C547 /* Debug */ = {
			isa = XCBuildConfiguration;
			buildSettings = {
				ALWAYS_SEARCH_USER_PATHS = NO;
				CLANG_ANALYZER_NONNULL = YES;
				CLANG_ANALYZER_NUMBER_OBJECT_CONVERSION = YES_AGGRESSIVE;
				CLANG_CXX_LANGUAGE_STANDARD = "gnu++20";
				CLANG_ENABLE_MODULES = YES;
				CLANG_ENABLE_OBJC_ARC = YES;
				CLANG_ENABLE_OBJC_WEAK = YES;
				CLANG_WARN_BLOCK_CAPTURE_AUTORELEASING = YES;
				CLANG_WARN_BOOL_CONVERSION = YES;
				CLANG_WARN_COMMA = YES;
				CLANG_WARN_CONSTANT_CONVERSION = YES;
				CLANG_WARN_DEPRECATED_OBJC_IMPLEMENTATIONS = YES;
				CLANG_WARN_DIRECT_OBJC_ISA_USAGE = YES_ERROR;
				CLANG_WARN_DOCUMENTATION_COMMENTS = YES;
				CLANG_WARN_EMPTY_BODY = YES;
				CLANG_WARN_ENUM_CONVERSION = YES;
				CLANG_WARN_INFINITE_RECURSION = YES;
				CLANG_WARN_INT_CONVERSION = YES;
				CLANG_WARN_NON_LITERAL_NULL_CONVERSION = YES;
				CLANG_WARN_OBJC_IMPLICIT_RETAIN_SELF = YES;
				CLANG_WARN_OBJC_LITERAL_CONVERSION = YES;
				CLANG_WARN_OBJC_ROOT_CLASS = YES_ERROR;
				CLANG_WARN_QUOTED_INCLUDE_IN_FRAMEWORK_HEADER = YES;
				CLANG_WARN_RANGE_LOOP_ANALYSIS = YES;
				CLANG_WARN_STRICT_PROTOTYPES = YES;
				CLANG_WARN_SUSPICIOUS_MOVE = YES;
				CLANG_WARN_UNGUARDED_AVAILABILITY = YES_AGGRESSIVE;
				CLANG_WARN_UNREACHABLE_CODE = YES;
				CLANG_WARN__DUPLICATE_METHOD_MATCH = YES;
				COPY_PHASE_STRIP = NO;
				DEBUG_INFORMATION_FORMAT = dwarf;
				ENABLE_STRICT_OBJC_MSGSEND = YES;
				ENABLE_TESTABILITY = YES;
				GCC_C_LANGUAGE_STANDARD = gnu11;
				GCC_DYNAMIC_NO_PIC = NO;
				GCC_NO_COMMON_BLOCKS = YES;
				GCC_OPTIMIZATION_LEVEL = 0;
				GCC_PREPROCESSOR_DEFINITIONS = (
					"DEBUG=1",
					"$(inherited)",
				);
				GCC_WARN_64_TO_32_BIT_CONVERSION = YES;
				GCC_WARN_ABOUT_RETURN_TYPE = YES_ERROR;
				GCC_WARN_UNDECLARED_SELECTOR = YES;
				GCC_WARN_UNINITIALIZED_AUTOS = YES_AGGRESSIVE;
				GCC_WARN_UNUSED_FUNCTION = YES;
				GCC_WARN_UNUSED_VARIABLE = YES;
				IPHONEOS_DEPLOYMENT_TARGET = 16.1;
				MTL_ENABLE_DEBUG_INFO = INCLUDE_SOURCE;
				MTL_FAST_MATH = YES;
				ONLY_ACTIVE_ARCH = YES;
				SDKROOT = iphoneos;
				SWIFT_ACTIVE_COMPILATION_CONDITIONS = DEBUG;
				SWIFT_OPTIMIZATION_LEVEL = "-Onone";
			};
			name = Debug;
		};
		7586525B2A9B29D20015C547 /* Release */ = {
			isa = XCBuildConfiguration;
			buildSettings = {
				ALWAYS_SEARCH_USER_PATHS = NO;
				CLANG_ANALYZER_NONNULL = YES;
				CLANG_ANALYZER_NUMBER_OBJECT_CONVERSION = YES_AGGRESSIVE;
				CLANG_CXX_LANGUAGE_STANDARD = "gnu++20";
				CLANG_ENABLE_MODULES = YES;
				CLANG_ENABLE_OBJC_ARC = YES;
				CLANG_ENABLE_OBJC_WEAK = YES;
				CLANG_WARN_BLOCK_CAPTURE_AUTORELEASING = YES;
				CLANG_WARN_BOOL_CONVERSION = YES;
				CLANG_WARN_COMMA = YES;
				CLANG_WARN_CONSTANT_CONVERSION = YES;
				CLANG_WARN_DEPRECATED_OBJC_IMPLEMENTATIONS = YES;
				CLANG_WARN_DIRECT_OBJC_ISA_USAGE = YES_ERROR;
				CLANG_WARN_DOCUMENTATION_COMMENTS = YES;
				CLANG_WARN_EMPTY_BODY = YES;
				CLANG_WARN_ENUM_CONVERSION = YES;
				CLANG_WARN_INFINITE_RECURSION = YES;
				CLANG_WARN_INT_CONVERSION = YES;
				CLANG_WARN_NON_LITERAL_NULL_CONVERSION = YES;
				CLANG_WARN_OBJC_IMPLICIT_RETAIN_SELF = YES;
				CLANG_WARN_OBJC_LITERAL_CONVERSION = YES;
				CLANG_WARN_OBJC_ROOT_CLASS = YES_ERROR;
				CLANG_WARN_QUOTED_INCLUDE_IN_FRAMEWORK_HEADER = YES;
				CLANG_WARN_RANGE_LOOP_ANALYSIS = YES;
				CLANG_WARN_STRICT_PROTOTYPES = YES;
				CLANG_WARN_SUSPICIOUS_MOVE = YES;
				CLANG_WARN_UNGUARDED_AVAILABILITY = YES_AGGRESSIVE;
				CLANG_WARN_UNREACHABLE_CODE = YES;
				CLANG_WARN__DUPLICATE_METHOD_MATCH = YES;
				COPY_PHASE_STRIP = NO;
				DEBUG_INFORMATION_FORMAT = "dwarf-with-dsym";
				ENABLE_NS_ASSERTIONS = NO;
				ENABLE_STRICT_OBJC_MSGSEND = YES;
				GCC_C_LANGUAGE_STANDARD = gnu11;
				GCC_NO_COMMON_BLOCKS = YES;
				GCC_WARN_64_TO_32_BIT_CONVERSION = YES;
				GCC_WARN_ABOUT_RETURN_TYPE = YES_ERROR;
				GCC_WARN_UNDECLARED_SELECTOR = YES;
				GCC_WARN_UNINITIALIZED_AUTOS = YES_AGGRESSIVE;
				GCC_WARN_UNUSED_FUNCTION = YES;
				GCC_WARN_UNUSED_VARIABLE = YES;
				IPHONEOS_DEPLOYMENT_TARGET = 16.1;
				MTL_ENABLE_DEBUG_INFO = NO;
				MTL_FAST_MATH = YES;
				SDKROOT = iphoneos;
				SWIFT_COMPILATION_MODE = wholemodule;
				SWIFT_OPTIMIZATION_LEVEL = "-O";
				VALIDATE_PRODUCT = YES;
			};
			name = Release;
		};
		7586525D2A9B29D20015C547 /* Debug */ = {
			isa = XCBuildConfiguration;
			buildSettings = {
				ASSETCATALOG_COMPILER_APPICON_NAME = AppIcon;
				ASSETCATALOG_COMPILER_GLOBAL_ACCENT_COLOR_NAME = AccentColor;
				CODE_SIGN_STYLE = Automatic;
				CURRENT_PROJECT_VERSION = 1;
				DEVELOPMENT_ASSET_PATHS = "\"BestRecipes/Preview Content\"";
				DEVELOPMENT_TEAM = M87C32M9C3;
				ENABLE_PREVIEWS = YES;
				GENERATE_INFOPLIST_FILE = YES;
				INFOPLIST_KEY_CFBundleDisplayName = BestRecipes;
				INFOPLIST_KEY_LSApplicationCategoryType = "public.app-category.food-and-drink";
				INFOPLIST_KEY_UIApplicationSceneManifest_Generation = YES;
				INFOPLIST_KEY_UIApplicationSupportsIndirectInputEvents = YES;
				INFOPLIST_KEY_UILaunchScreen_Generation = YES;
				INFOPLIST_KEY_UISupportedInterfaceOrientations = UIInterfaceOrientationPortrait;
				INFOPLIST_KEY_UISupportedInterfaceOrientations_iPad = "UIInterfaceOrientationLandscapeLeft UIInterfaceOrientationLandscapeRight UIInterfaceOrientationPortrait UIInterfaceOrientationPortraitUpsideDown";
				IPHONEOS_DEPLOYMENT_TARGET = 15.6;
				LD_RUNPATH_SEARCH_PATHS = (
					"$(inherited)",
					"@executable_path/Frameworks",
				);
				MARKETING_VERSION = 1.0;
				PRODUCT_BUNDLE_IDENTIFIER = com.tacarlen.BestRecipes;
				PRODUCT_NAME = "$(TARGET_NAME)";
				SUPPORTED_PLATFORMS = "iphoneos iphonesimulator";
				SUPPORTS_MACCATALYST = NO;
				SUPPORTS_MAC_DESIGNED_FOR_IPHONE_IPAD = NO;
				SWIFT_EMIT_LOC_STRINGS = YES;
				SWIFT_VERSION = 5.0;
				TARGETED_DEVICE_FAMILY = 1;
			};
			name = Debug;
		};
		7586525E2A9B29D20015C547 /* Release */ = {
			isa = XCBuildConfiguration;
			buildSettings = {
				ASSETCATALOG_COMPILER_APPICON_NAME = AppIcon;
				ASSETCATALOG_COMPILER_GLOBAL_ACCENT_COLOR_NAME = AccentColor;
				CODE_SIGN_STYLE = Automatic;
				CURRENT_PROJECT_VERSION = 1;
				DEVELOPMENT_ASSET_PATHS = "\"BestRecipes/Preview Content\"";
				DEVELOPMENT_TEAM = M87C32M9C3;
				ENABLE_PREVIEWS = YES;
				GENERATE_INFOPLIST_FILE = YES;
				INFOPLIST_KEY_CFBundleDisplayName = BestRecipes;
				INFOPLIST_KEY_LSApplicationCategoryType = "public.app-category.food-and-drink";
				INFOPLIST_KEY_UIApplicationSceneManifest_Generation = YES;
				INFOPLIST_KEY_UIApplicationSupportsIndirectInputEvents = YES;
				INFOPLIST_KEY_UILaunchScreen_Generation = YES;
				INFOPLIST_KEY_UISupportedInterfaceOrientations = UIInterfaceOrientationPortrait;
				INFOPLIST_KEY_UISupportedInterfaceOrientations_iPad = "UIInterfaceOrientationLandscapeLeft UIInterfaceOrientationLandscapeRight UIInterfaceOrientationPortrait UIInterfaceOrientationPortraitUpsideDown";
				IPHONEOS_DEPLOYMENT_TARGET = 15.6;
				LD_RUNPATH_SEARCH_PATHS = (
					"$(inherited)",
					"@executable_path/Frameworks",
				);
				MARKETING_VERSION = 1.0;
				PRODUCT_BUNDLE_IDENTIFIER = com.tacarlen.BestRecipes;
				PRODUCT_NAME = "$(TARGET_NAME)";
				SUPPORTED_PLATFORMS = "iphoneos iphonesimulator";
				SUPPORTS_MACCATALYST = NO;
				SUPPORTS_MAC_DESIGNED_FOR_IPHONE_IPAD = NO;
				SWIFT_EMIT_LOC_STRINGS = YES;
				SWIFT_VERSION = 5.0;
				TARGETED_DEVICE_FAMILY = 1;
			};
			name = Release;
		};
/* End XCBuildConfiguration section */

/* Begin XCConfigurationList section */
		758652492A9B29D10015C547 /* Build configuration list for PBXProject "BestRecipes" */ = {
			isa = XCConfigurationList;
			buildConfigurations = (
				7586525A2A9B29D20015C547 /* Debug */,
				7586525B2A9B29D20015C547 /* Release */,
			);
			defaultConfigurationIsVisible = 0;
			defaultConfigurationName = Release;
		};
		7586525C2A9B29D20015C547 /* Build configuration list for PBXNativeTarget "BestRecipes" */ = {
			isa = XCConfigurationList;
			buildConfigurations = (
				7586525D2A9B29D20015C547 /* Debug */,
				7586525E2A9B29D20015C547 /* Release */,
			);
			defaultConfigurationIsVisible = 0;
			defaultConfigurationName = Release;
		};
/* End XCConfigurationList section */
	};
	rootObject = 758652462A9B29D10015C547 /* Project object */;
}
