// !$*UTF8*$!
{
	archiveVersion = 1;
	classes = {
	};
	objectVersion = 56;
	objects = {

/* Begin PBXBuildFile section */
		0D0FFE2B2A9DF3460051AC4C /* Poppins-Black.ttf in Resources */ = {isa = PBXBuildFile; fileRef = 0D0FFE192A9DF3460051AC4C /* Poppins-Black.ttf */; };
		0D0FFE2D2A9DF3470051AC4C /* Poppins-Regular.ttf in Resources */ = {isa = PBXBuildFile; fileRef = 0D0FFE1B2A9DF3460051AC4C /* Poppins-Regular.ttf */; };
		0D0FFE2E2A9DF3470051AC4C /* Poppins-ExtraBold.ttf in Resources */ = {isa = PBXBuildFile; fileRef = 0D0FFE1C2A9DF3460051AC4C /* Poppins-ExtraBold.ttf */; };
		0D0FFE312A9DF3470051AC4C /* Poppins-SemiBold.ttf in Resources */ = {isa = PBXBuildFile; fileRef = 0D0FFE1F2A9DF3460051AC4C /* Poppins-SemiBold.ttf */; };
		0D0FFE372A9DF3470051AC4C /* Poppins-Light.ttf in Resources */ = {isa = PBXBuildFile; fileRef = 0D0FFE252A9DF3460051AC4C /* Poppins-Light.ttf */; };
		0D0FFE3B2A9DF3470051AC4C /* Poppins-Medium.ttf in Resources */ = {isa = PBXBuildFile; fileRef = 0D0FFE292A9DF3460051AC4C /* Poppins-Medium.ttf */; };
		0D0FFE3C2A9DF3470051AC4C /* Poppins-Bold.ttf in Resources */ = {isa = PBXBuildFile; fileRef = 0D0FFE2A2A9DF3460051AC4C /* Poppins-Bold.ttf */; };
		0D0FFE3F2A9DF7500051AC4C /* Fonts.swift in Sources */ = {isa = PBXBuildFile; fileRef = 0D0FFE3E2A9DF7500051AC4C /* Fonts.swift */; };
		0DA5A4D32A9CDD9A00356C87 /* TrendingNowCell.swift in Sources */ = {isa = PBXBuildFile; fileRef = 0DA5A4D22A9CDD9A00356C87 /* TrendingNowCell.swift */; };
		0DF3ECC92A9B859C006DC73D /* BookmarksCell.swift in Sources */ = {isa = PBXBuildFile; fileRef = 0DF3ECC82A9B859C006DC73D /* BookmarksCell.swift */; };
		758652522A9B29D10015C547 /* BestRecipesApp.swift in Sources */ = {isa = PBXBuildFile; fileRef = 758652512A9B29D10015C547 /* BestRecipesApp.swift */; };
		758652542A9B29D10015C547 /* ContentView.swift in Sources */ = {isa = PBXBuildFile; fileRef = 758652532A9B29D10015C547 /* ContentView.swift */; };
		758652562A9B29D20015C547 /* Assets.xcassets in Resources */ = {isa = PBXBuildFile; fileRef = 758652552A9B29D20015C547 /* Assets.xcassets */; };
		758652592A9B29D20015C547 /* Preview Assets.xcassets in Resources */ = {isa = PBXBuildFile; fileRef = 758652582A9B29D20015C547 /* Preview Assets.xcassets */; };
		758652602A9B2C6A0015C547 /* HomeView.swift in Sources */ = {isa = PBXBuildFile; fileRef = 7586525F2A9B2C6A0015C547 /* HomeView.swift */; };
		758652622A9B2CB60015C547 /* SavedRecipesView.swift in Sources */ = {isa = PBXBuildFile; fileRef = 758652612A9B2CB60015C547 /* SavedRecipesView.swift */; };
		758652642A9B2F5E0015C547 /* TrendingNowView.swift in Sources */ = {isa = PBXBuildFile; fileRef = 758652632A9B2F5E0015C547 /* TrendingNowView.swift */; };
		758652672A9B306E0015C547 /* AddRecipeView.swift in Sources */ = {isa = PBXBuildFile; fileRef = 758652662A9B306E0015C547 /* AddRecipeView.swift */; };
		75D424072A9CD8AE000A2126 /* PopularCategoryCell.swift in Sources */ = {isa = PBXBuildFile; fileRef = 75D424062A9CD8AE000A2126 /* PopularCategoryCell.swift */; };
		A10CD65B2A9BCA2000FF2954 /* Color+Ext.swift in Sources */ = {isa = PBXBuildFile; fileRef = A10CD65A2A9BCA2000FF2954 /* Color+Ext.swift */; };
		A12319B52A9BBFF800E2AA57 /* Tabbar.swift in Sources */ = {isa = PBXBuildFile; fileRef = A12319B42A9BBFF800E2AA57 /* Tabbar.swift */; };
		A12319B72A9BC49F00E2AA57 /* TabItem.swift in Sources */ = {isa = PBXBuildFile; fileRef = A12319B62A9BC49F00E2AA57 /* TabItem.swift */; };
		A129281D2A9B777F00DCE389 /* Endpoint.swift in Sources */ = {isa = PBXBuildFile; fileRef = A12928192A9B777E00DCE389 /* Endpoint.swift */; };
		A129281E2A9B777F00DCE389 /* HTTPClient.swift in Sources */ = {isa = PBXBuildFile; fileRef = A129281A2A9B777F00DCE389 /* HTTPClient.swift */; };
		A129281F2A9B777F00DCE389 /* RequestMethod.swift in Sources */ = {isa = PBXBuildFile; fileRef = A129281B2A9B777F00DCE389 /* RequestMethod.swift */; };
		A12928202A9B777F00DCE389 /* HTTPError.swift in Sources */ = {isa = PBXBuildFile; fileRef = A129281C2A9B777F00DCE389 /* HTTPError.swift */; };
		A12928282A9B77E800DCE389 /* Constants.swift in Sources */ = {isa = PBXBuildFile; fileRef = A12928272A9B77E800DCE389 /* Constants.swift */; };
		A129282C2A9B7A7A00DCE389 /* Kingfisher in Frameworks */ = {isa = PBXBuildFile; productRef = A129282B2A9B7A7A00DCE389 /* Kingfisher */; };
		A129282E2A9B86B500DCE389 /* RecipeEndpoint.swift in Sources */ = {isa = PBXBuildFile; fileRef = A129282D2A9B86B500DCE389 /* RecipeEndpoint.swift */; };
		A12928302A9B8BC200DCE389 /* URLResponse+Ext.swift in Sources */ = {isa = PBXBuildFile; fileRef = A129282F2A9B8BC200DCE389 /* URLResponse+Ext.swift */; };
		A12928332A9B8DA800DCE389 /* NetworkAggregateModel.swift in Sources */ = {isa = PBXBuildFile; fileRef = A12928322A9B8DA800DCE389 /* NetworkAggregateModel.swift */; };
		A12928352A9B8E5100DCE389 /* TestScreen.swift in Sources */ = {isa = PBXBuildFile; fileRef = A12928342A9B8E5100DCE389 /* TestScreen.swift */; };
		A12928382A9B904800DCE389 /* ListOfRecipeShortModel.swift in Sources */ = {isa = PBXBuildFile; fileRef = A12928372A9B904800DCE389 /* ListOfRecipeShortModel.swift */; };
		A129283A2A9B940A00DCE389 /* AlertModel.swift in Sources */ = {isa = PBXBuildFile; fileRef = A12928392A9B940A00DCE389 /* AlertModel.swift */; };
		A129283D2A9BB01D00DCE389 /* Localizable.strings in Resources */ = {isa = PBXBuildFile; fileRef = A129283F2A9BB01D00DCE389 /* Localizable.strings */; };
		A1C35C4E2A9BD0D00062E7F6 /* TabPlusButton.swift in Sources */ = {isa = PBXBuildFile; fileRef = A1C35C4D2A9BD0D00062E7F6 /* TabPlusButton.swift */; };
		A1C35C512A9BDDDC0062E7F6 /* TabbarRouter.swift in Sources */ = {isa = PBXBuildFile; fileRef = A1C35C502A9BDDDC0062E7F6 /* TabbarRouter.swift */; };
		A1C35C532A9BE3E40062E7F6 /* ProfileView.swift in Sources */ = {isa = PBXBuildFile; fileRef = A1C35C522A9BE3E40062E7F6 /* ProfileView.swift */; };
		A1C35C552A9BF1130062E7F6 /* TabbarCurvedShape.swift in Sources */ = {isa = PBXBuildFile; fileRef = A1C35C542A9BF1130062E7F6 /* TabbarCurvedShape.swift */; };
		A1C35C572A9D34D40062E7F6 /* String+Ext.swift in Sources */ = {isa = PBXBuildFile; fileRef = A1C35C562A9D34D40062E7F6 /* String+Ext.swift */; };
		A1C35C592A9D37FB0062E7F6 /* RecipeFullModel.swift in Sources */ = {isa = PBXBuildFile; fileRef = A1C35C582A9D37FB0062E7F6 /* RecipeFullModel.swift */; };
		ACF1BCFE2A9E06A300DB23C8 /* SearchBarView.swift in Sources */ = {isa = PBXBuildFile; fileRef = ACF1BCFD2A9E06A300DB23C8 /* SearchBarView.swift */; };
		ACF1BD002A9E077000DB23C8 /* UIApplication.swift in Sources */ = {isa = PBXBuildFile; fileRef = ACF1BCFF2A9E077000DB23C8 /* UIApplication.swift */; };
		ACF1BD022A9E080100DB23C8 /* AuthorCell.swift in Sources */ = {isa = PBXBuildFile; fileRef = ACF1BD012A9E080100DB23C8 /* AuthorCell.swift */; };
		ACF1BD042A9E087E00DB23C8 /* RecentRecipeCell.swift in Sources */ = {isa = PBXBuildFile; fileRef = ACF1BD032A9E087E00DB23C8 /* RecentRecipeCell.swift */; };
		ACF1BD0C2A9E183800DB23C8 /* seeAllButton.swift in Sources */ = {isa = PBXBuildFile; fileRef = ACF1BD0B2A9E183800DB23C8 /* seeAllButton.swift */; };
		ACF1BD0E2A9E187400DB23C8 /* MainHomeView.swift in Sources */ = {isa = PBXBuildFile; fileRef = ACF1BD0D2A9E187400DB23C8 /* MainHomeView.swift */; };
/* End PBXBuildFile section */

/* Begin PBXFileReference section */
		0D0FFE192A9DF3460051AC4C /* Poppins-Black.ttf */ = {isa = PBXFileReference; lastKnownFileType = file; path = "Poppins-Black.ttf"; sourceTree = "<group>"; };
		0D0FFE1B2A9DF3460051AC4C /* Poppins-Regular.ttf */ = {isa = PBXFileReference; lastKnownFileType = file; path = "Poppins-Regular.ttf"; sourceTree = "<group>"; };
		0D0FFE1C2A9DF3460051AC4C /* Poppins-ExtraBold.ttf */ = {isa = PBXFileReference; lastKnownFileType = file; path = "Poppins-ExtraBold.ttf"; sourceTree = "<group>"; };
		0D0FFE1F2A9DF3460051AC4C /* Poppins-SemiBold.ttf */ = {isa = PBXFileReference; lastKnownFileType = file; path = "Poppins-SemiBold.ttf"; sourceTree = "<group>"; };
		0D0FFE252A9DF3460051AC4C /* Poppins-Light.ttf */ = {isa = PBXFileReference; lastKnownFileType = file; path = "Poppins-Light.ttf"; sourceTree = "<group>"; };
		0D0FFE292A9DF3460051AC4C /* Poppins-Medium.ttf */ = {isa = PBXFileReference; lastKnownFileType = file; path = "Poppins-Medium.ttf"; sourceTree = "<group>"; };
		0D0FFE2A2A9DF3460051AC4C /* Poppins-Bold.ttf */ = {isa = PBXFileReference; lastKnownFileType = file; path = "Poppins-Bold.ttf"; sourceTree = "<group>"; };
		0D0FFE3D2A9DF3D60051AC4C /* Info.plist */ = {isa = PBXFileReference; lastKnownFileType = text.plist; path = Info.plist; sourceTree = "<group>"; };
		0D0FFE3E2A9DF7500051AC4C /* Fonts.swift */ = {isa = PBXFileReference; lastKnownFileType = sourcecode.swift; path = Fonts.swift; sourceTree = "<group>"; };
		0DA5A4D22A9CDD9A00356C87 /* TrendingNowCell.swift */ = {isa = PBXFileReference; lastKnownFileType = sourcecode.swift; path = TrendingNowCell.swift; sourceTree = "<group>"; };
		0DF3ECC82A9B859C006DC73D /* BookmarksCell.swift */ = {isa = PBXFileReference; lastKnownFileType = sourcecode.swift; path = BookmarksCell.swift; sourceTree = "<group>"; };
		7586524E2A9B29D10015C547 /* BestRecipes.app */ = {isa = PBXFileReference; explicitFileType = wrapper.application; includeInIndex = 0; path = BestRecipes.app; sourceTree = BUILT_PRODUCTS_DIR; };
		758652512A9B29D10015C547 /* BestRecipesApp.swift */ = {isa = PBXFileReference; lastKnownFileType = sourcecode.swift; path = BestRecipesApp.swift; sourceTree = "<group>"; };
		758652532A9B29D10015C547 /* ContentView.swift */ = {isa = PBXFileReference; lastKnownFileType = sourcecode.swift; path = ContentView.swift; sourceTree = "<group>"; };
		758652552A9B29D20015C547 /* Assets.xcassets */ = {isa = PBXFileReference; lastKnownFileType = folder.assetcatalog; path = Assets.xcassets; sourceTree = "<group>"; };
		758652582A9B29D20015C547 /* Preview Assets.xcassets */ = {isa = PBXFileReference; lastKnownFileType = folder.assetcatalog; path = "Preview Assets.xcassets"; sourceTree = "<group>"; };
		7586525F2A9B2C6A0015C547 /* HomeView.swift */ = {isa = PBXFileReference; lastKnownFileType = sourcecode.swift; path = HomeView.swift; sourceTree = "<group>"; };
		758652612A9B2CB60015C547 /* SavedRecipesView.swift */ = {isa = PBXFileReference; lastKnownFileType = sourcecode.swift; path = SavedRecipesView.swift; sourceTree = "<group>"; };
		758652632A9B2F5E0015C547 /* TrendingNowView.swift */ = {isa = PBXFileReference; lastKnownFileType = sourcecode.swift; path = TrendingNowView.swift; sourceTree = "<group>"; };
		758652662A9B306E0015C547 /* AddRecipeView.swift */ = {isa = PBXFileReference; lastKnownFileType = sourcecode.swift; path = AddRecipeView.swift; sourceTree = "<group>"; };
		75D424062A9CD8AE000A2126 /* PopularCategoryCell.swift */ = {isa = PBXFileReference; fileEncoding = 4; lastKnownFileType = sourcecode.swift; path = PopularCategoryCell.swift; sourceTree = "<group>"; };
		A10CD65A2A9BCA2000FF2954 /* Color+Ext.swift */ = {isa = PBXFileReference; fileEncoding = 4; lastKnownFileType = sourcecode.swift; path = "Color+Ext.swift"; sourceTree = "<group>"; };
		A12319B42A9BBFF800E2AA57 /* Tabbar.swift */ = {isa = PBXFileReference; lastKnownFileType = sourcecode.swift; path = Tabbar.swift; sourceTree = "<group>"; };
		A12319B62A9BC49F00E2AA57 /* TabItem.swift */ = {isa = PBXFileReference; lastKnownFileType = sourcecode.swift; path = TabItem.swift; sourceTree = "<group>"; };
		A12928192A9B777E00DCE389 /* Endpoint.swift */ = {isa = PBXFileReference; fileEncoding = 4; lastKnownFileType = sourcecode.swift; path = Endpoint.swift; sourceTree = "<group>"; };
		A129281A2A9B777F00DCE389 /* HTTPClient.swift */ = {isa = PBXFileReference; fileEncoding = 4; lastKnownFileType = sourcecode.swift; path = HTTPClient.swift; sourceTree = "<group>"; };
		A129281B2A9B777F00DCE389 /* RequestMethod.swift */ = {isa = PBXFileReference; fileEncoding = 4; lastKnownFileType = sourcecode.swift; path = RequestMethod.swift; sourceTree = "<group>"; };
		A129281C2A9B777F00DCE389 /* HTTPError.swift */ = {isa = PBXFileReference; fileEncoding = 4; lastKnownFileType = sourcecode.swift; path = HTTPError.swift; sourceTree = "<group>"; };
		A12928272A9B77E800DCE389 /* Constants.swift */ = {isa = PBXFileReference; fileEncoding = 4; lastKnownFileType = sourcecode.swift; path = Constants.swift; sourceTree = "<group>"; };
		A129282D2A9B86B500DCE389 /* RecipeEndpoint.swift */ = {isa = PBXFileReference; lastKnownFileType = sourcecode.swift; path = RecipeEndpoint.swift; sourceTree = "<group>"; };
		A129282F2A9B8BC200DCE389 /* URLResponse+Ext.swift */ = {isa = PBXFileReference; lastKnownFileType = sourcecode.swift; path = "URLResponse+Ext.swift"; sourceTree = "<group>"; };
		A12928322A9B8DA800DCE389 /* NetworkAggregateModel.swift */ = {isa = PBXFileReference; lastKnownFileType = sourcecode.swift; path = NetworkAggregateModel.swift; sourceTree = "<group>"; };
		A12928342A9B8E5100DCE389 /* TestScreen.swift */ = {isa = PBXFileReference; lastKnownFileType = sourcecode.swift; path = TestScreen.swift; sourceTree = "<group>"; };
		A12928372A9B904800DCE389 /* ListOfRecipeShortModel.swift */ = {isa = PBXFileReference; lastKnownFileType = sourcecode.swift; path = ListOfRecipeShortModel.swift; sourceTree = "<group>"; };
		A12928392A9B940A00DCE389 /* AlertModel.swift */ = {isa = PBXFileReference; lastKnownFileType = sourcecode.swift; path = AlertModel.swift; sourceTree = "<group>"; };
		A129283E2A9BB01D00DCE389 /* en */ = {isa = PBXFileReference; lastKnownFileType = text.plist.strings; name = en; path = en.lproj/Localizable.strings; sourceTree = "<group>"; };
		A12928402A9BB02000DCE389 /* ru */ = {isa = PBXFileReference; lastKnownFileType = text.plist.strings; name = ru; path = ru.lproj/Localizable.strings; sourceTree = "<group>"; };
		A1C35C4D2A9BD0D00062E7F6 /* TabPlusButton.swift */ = {isa = PBXFileReference; lastKnownFileType = sourcecode.swift; path = TabPlusButton.swift; sourceTree = "<group>"; };
		A1C35C502A9BDDDC0062E7F6 /* TabbarRouter.swift */ = {isa = PBXFileReference; lastKnownFileType = sourcecode.swift; path = TabbarRouter.swift; sourceTree = "<group>"; };
		A1C35C522A9BE3E40062E7F6 /* ProfileView.swift */ = {isa = PBXFileReference; lastKnownFileType = sourcecode.swift; path = ProfileView.swift; sourceTree = "<group>"; };
		A1C35C542A9BF1130062E7F6 /* TabbarCurvedShape.swift */ = {isa = PBXFileReference; lastKnownFileType = sourcecode.swift; path = TabbarCurvedShape.swift; sourceTree = "<group>"; };
		A1C35C562A9D34D40062E7F6 /* String+Ext.swift */ = {isa = PBXFileReference; lastKnownFileType = sourcecode.swift; path = "String+Ext.swift"; sourceTree = "<group>"; };
		A1C35C582A9D37FB0062E7F6 /* RecipeFullModel.swift */ = {isa = PBXFileReference; lastKnownFileType = sourcecode.swift; path = RecipeFullModel.swift; sourceTree = "<group>"; };
		ACF1BCFD2A9E06A300DB23C8 /* SearchBarView.swift */ = {isa = PBXFileReference; lastKnownFileType = sourcecode.swift; path = SearchBarView.swift; sourceTree = "<group>"; };
		ACF1BCFF2A9E077000DB23C8 /* UIApplication.swift */ = {isa = PBXFileReference; lastKnownFileType = sourcecode.swift; path = UIApplication.swift; sourceTree = "<group>"; };
		ACF1BD012A9E080100DB23C8 /* AuthorCell.swift */ = {isa = PBXFileReference; lastKnownFileType = sourcecode.swift; path = AuthorCell.swift; sourceTree = "<group>"; };
		ACF1BD032A9E087E00DB23C8 /* RecentRecipeCell.swift */ = {isa = PBXFileReference; lastKnownFileType = sourcecode.swift; path = RecentRecipeCell.swift; sourceTree = "<group>"; };
		ACF1BD0B2A9E183800DB23C8 /* seeAllButton.swift */ = {isa = PBXFileReference; lastKnownFileType = sourcecode.swift; path = seeAllButton.swift; sourceTree = "<group>"; };
		ACF1BD0D2A9E187400DB23C8 /* MainHomeView.swift */ = {isa = PBXFileReference; lastKnownFileType = sourcecode.swift; path = MainHomeView.swift; sourceTree = "<group>"; };
/* End PBXFileReference section */

/* Begin PBXFrameworksBuildPhase section */
		7586524B2A9B29D10015C547 /* Frameworks */ = {
			isa = PBXFrameworksBuildPhase;
			buildActionMask = 2147483647;
			files = (
				A129282C2A9B7A7A00DCE389 /* Kingfisher in Frameworks */,
			);
			runOnlyForDeploymentPostprocessing = 0;
		};
/* End PBXFrameworksBuildPhase section */

/* Begin PBXGroup section */
		0D0FFE182A9DF3110051AC4C /* Fonts */ = {
			isa = PBXGroup;
			children = (
				0D0FFE192A9DF3460051AC4C /* Poppins-Black.ttf */,
				0D0FFE2A2A9DF3460051AC4C /* Poppins-Bold.ttf */,
				0D0FFE1C2A9DF3460051AC4C /* Poppins-ExtraBold.ttf */,
				0D0FFE252A9DF3460051AC4C /* Poppins-Light.ttf */,
				0D0FFE292A9DF3460051AC4C /* Poppins-Medium.ttf */,
				0D0FFE1B2A9DF3460051AC4C /* Poppins-Regular.ttf */,
				0D0FFE1F2A9DF3460051AC4C /* Poppins-SemiBold.ttf */,
			);
			path = Fonts;
			sourceTree = "<group>";
		};
		758652452A9B29D10015C547 = {
			isa = PBXGroup;
			children = (
				758652502A9B29D10015C547 /* BestRecipes */,
				7586524F2A9B29D10015C547 /* Products */,
			);
			sourceTree = "<group>";
		};
		7586524F2A9B29D10015C547 /* Products */ = {
			isa = PBXGroup;
			children = (
				7586524E2A9B29D10015C547 /* BestRecipes.app */,
			);
			name = Products;
			sourceTree = "<group>";
		};
		758652502A9B29D10015C547 /* BestRecipes */ = {
			isa = PBXGroup;
			children = (
				0D0FFE3D2A9DF3D60051AC4C /* Info.plist */,
				A129280B2A9B431400DCE389 /* Application */,
				758652652A9B2FED0015C547 /* Screens */,
				A12928292A9B785800DCE389 /* Models */,
				A12928172A9B770800DCE389 /* Services */,
				A129280E2A9B51C600DCE389 /* Components */,
				A12928262A9B77D000DCE389 /* Extensions */,
				A129280C2A9B431900DCE389 /* Resources */,
				758652572A9B29D20015C547 /* Preview Content */,
				A129283F2A9BB01D00DCE389 /* Localizable.strings */,
			);
			path = BestRecipes;
			sourceTree = "<group>";
		};
		758652572A9B29D20015C547 /* Preview Content */ = {
			isa = PBXGroup;
			children = (
				758652582A9B29D20015C547 /* Preview Assets.xcassets */,
			);
			path = "Preview Content";
			sourceTree = "<group>";
		};
		758652652A9B2FED0015C547 /* Screens */ = {
			isa = PBXGroup;
			children = (
				A12319B22A9BBE9800E2AA57 /* Tabbar */,
				758652532A9B29D10015C547 /* ContentView.swift */,
				7586525F2A9B2C6A0015C547 /* HomeView.swift */,
				758652612A9B2CB60015C547 /* SavedRecipesView.swift */,
				758652632A9B2F5E0015C547 /* TrendingNowView.swift */,
				758652662A9B306E0015C547 /* AddRecipeView.swift */,
				A12928342A9B8E5100DCE389 /* TestScreen.swift */,
				A1C35C522A9BE3E40062E7F6 /* ProfileView.swift */,
				ACF1BD0D2A9E187400DB23C8 /* MainHomeView.swift */,
			);
			path = Screens;
			sourceTree = "<group>";
		};
		A12319B22A9BBE9800E2AA57 /* Tabbar */ = {
			isa = PBXGroup;
			children = (
				A12319B42A9BBFF800E2AA57 /* Tabbar.swift */,
				A12319B62A9BC49F00E2AA57 /* TabItem.swift */,
				A1C35C4D2A9BD0D00062E7F6 /* TabPlusButton.swift */,
				A1C35C502A9BDDDC0062E7F6 /* TabbarRouter.swift */,
				A1C35C542A9BF1130062E7F6 /* TabbarCurvedShape.swift */,
			);
			path = Tabbar;
			sourceTree = "<group>";
		};
		A129280B2A9B431400DCE389 /* Application */ = {
			isa = PBXGroup;
			children = (
				758652512A9B29D10015C547 /* BestRecipesApp.swift */,
			);
			path = Application;
			sourceTree = "<group>";
		};
		A129280C2A9B431900DCE389 /* Resources */ = {
			isa = PBXGroup;
			children = (
				758652552A9B29D20015C547 /* Assets.xcassets */,
			);
			path = Resources;
			sourceTree = "<group>";
		};
		A129280E2A9B51C600DCE389 /* Components */ = {
			isa = PBXGroup;
			children = (
				0DF3ECC82A9B859C006DC73D /* BookmarksCell.swift */,
				ACF1BCFD2A9E06A300DB23C8 /* SearchBarView.swift */,
				ACF1BD012A9E080100DB23C8 /* AuthorCell.swift */,
				ACF1BD032A9E087E00DB23C8 /* RecentRecipeCell.swift */,
				75D424062A9CD8AE000A2126 /* PopularCategoryCell.swift */,
				0DA5A4D22A9CDD9A00356C87 /* TrendingNowCell.swift */,
				ACF1BD0B2A9E183800DB23C8 /* seeAllButton.swift */,
			);
			path = Components;
			sourceTree = "<group>";
		};
		A12928142A9B76D400DCE389 /* NetworkLayer */ = {
			isa = PBXGroup;
			children = (
				A12928182A9B776100DCE389 /* Base */,
				A12928232A9B77A700DCE389 /* Endpoints */,
			);
			path = NetworkLayer;
			sourceTree = "<group>";
		};
		A12928172A9B770800DCE389 /* Services */ = {
			isa = PBXGroup;
			children = (
				A12928142A9B76D400DCE389 /* NetworkLayer */,
			);
			path = Services;
			sourceTree = "<group>";
		};
		A12928182A9B776100DCE389 /* Base */ = {
			isa = PBXGroup;
			children = (
				A12928192A9B777E00DCE389 /* Endpoint.swift */,
				A129281B2A9B777F00DCE389 /* RequestMethod.swift */,
				A129281C2A9B777F00DCE389 /* HTTPError.swift */,
				A129281A2A9B777F00DCE389 /* HTTPClient.swift */,
			);
			path = Base;
			sourceTree = "<group>";
		};
		A12928232A9B77A700DCE389 /* Endpoints */ = {
			isa = PBXGroup;
			children = (
				A129282D2A9B86B500DCE389 /* RecipeEndpoint.swift */,
			);
			path = Endpoints;
			sourceTree = "<group>";
		};
		A12928262A9B77D000DCE389 /* Extensions */ = {
			isa = PBXGroup;
			children = (
				A12928272A9B77E800DCE389 /* Constants.swift */,
				A129282F2A9B8BC200DCE389 /* URLResponse+Ext.swift */,
				A10CD65A2A9BCA2000FF2954 /* Color+Ext.swift */,
				A1C35C562A9D34D40062E7F6 /* String+Ext.swift */,
				ACF1BCFF2A9E077000DB23C8 /* UIApplication.swift */,
				0D0FFE3E2A9DF7500051AC4C /* Fonts.swift */,
				0D0FFE182A9DF3110051AC4C /* Fonts */,
			);
			path = Extensions;
			sourceTree = "<group>";
		};
		A12928292A9B785800DCE389 /* Models */ = {
			isa = PBXGroup;
			children = (
				A12928312A9B8CB800DCE389 /* AggregateModels */,
				A12928362A9B8FA300DCE389 /* StandartModels */,
			);
			path = Models;
			sourceTree = "<group>";
		};
		A12928312A9B8CB800DCE389 /* AggregateModels */ = {
			isa = PBXGroup;
			children = (
				A12928322A9B8DA800DCE389 /* NetworkAggregateModel.swift */,
			);
			path = AggregateModels;
			sourceTree = "<group>";
		};
		A12928362A9B8FA300DCE389 /* StandartModels */ = {
			isa = PBXGroup;
			children = (
				A12928372A9B904800DCE389 /* ListOfRecipeShortModel.swift */,
				A1C35C582A9D37FB0062E7F6 /* RecipeFullModel.swift */,
				A12928392A9B940A00DCE389 /* AlertModel.swift */,
			);
			path = StandartModels;
			sourceTree = "<group>";
		};
/* End PBXGroup section */

/* Begin PBXNativeTarget section */
		7586524D2A9B29D10015C547 /* BestRecipes */ = {
			isa = PBXNativeTarget;
			buildConfigurationList = 7586525C2A9B29D20015C547 /* Build configuration list for PBXNativeTarget "BestRecipes" */;
			buildPhases = (
				7586524A2A9B29D10015C547 /* Sources */,
				7586524B2A9B29D10015C547 /* Frameworks */,
				7586524C2A9B29D10015C547 /* Resources */,
			);
			buildRules = (
			);
			dependencies = (
			);
			name = BestRecipes;
			packageProductDependencies = (
				A129282B2A9B7A7A00DCE389 /* Kingfisher */,
			);
			productName = BestRecipes;
			productReference = 7586524E2A9B29D10015C547 /* BestRecipes.app */;
			productType = "com.apple.product-type.application";
		};
/* End PBXNativeTarget section */

/* Begin PBXProject section */
		758652462A9B29D10015C547 /* Project object */ = {
			isa = PBXProject;
			attributes = {
				BuildIndependentTargetsInParallel = 1;
				LastSwiftUpdateCheck = 1410;
				LastUpgradeCheck = 1410;
				TargetAttributes = {
					7586524D2A9B29D10015C547 = {
						CreatedOnToolsVersion = 14.1;
					};
				};
			};
			buildConfigurationList = 758652492A9B29D10015C547 /* Build configuration list for PBXProject "BestRecipes" */;
			compatibilityVersion = "Xcode 14.0";
			developmentRegion = en;
			hasScannedForEncodings = 0;
			knownRegions = (
				en,
				ru,
			);
			mainGroup = 758652452A9B29D10015C547;
			packageReferences = (
				A129282A2A9B7A7A00DCE389 /* XCRemoteSwiftPackageReference "Kingfisher" */,
			);
			productRefGroup = 7586524F2A9B29D10015C547 /* Products */;
			projectDirPath = "";
			projectRoot = "";
			targets = (
				7586524D2A9B29D10015C547 /* BestRecipes */,
			);
		};
/* End PBXProject section */

/* Begin PBXResourcesBuildPhase section */
		7586524C2A9B29D10015C547 /* Resources */ = {
			isa = PBXResourcesBuildPhase;
			buildActionMask = 2147483647;
			files = (
				0D0FFE2B2A9DF3460051AC4C /* Poppins-Black.ttf in Resources */,
				758652592A9B29D20015C547 /* Preview Assets.xcassets in Resources */,
				A129283D2A9BB01D00DCE389 /* Localizable.strings in Resources */,
				0D0FFE2E2A9DF3470051AC4C /* Poppins-ExtraBold.ttf in Resources */,
				0D0FFE3B2A9DF3470051AC4C /* Poppins-Medium.ttf in Resources */,
				0D0FFE2D2A9DF3470051AC4C /* Poppins-Regular.ttf in Resources */,
				0D0FFE312A9DF3470051AC4C /* Poppins-SemiBold.ttf in Resources */,
				0D0FFE372A9DF3470051AC4C /* Poppins-Light.ttf in Resources */,
				0D0FFE3C2A9DF3470051AC4C /* Poppins-Bold.ttf in Resources */,
				758652562A9B29D20015C547 /* Assets.xcassets in Resources */,
			);
			runOnlyForDeploymentPostprocessing = 0;
		};
/* End PBXResourcesBuildPhase section */

/* Begin PBXSourcesBuildPhase section */
		7586524A2A9B29D10015C547 /* Sources */ = {
			isa = PBXSourcesBuildPhase;
			buildActionMask = 2147483647;
			files = (
				A1C35C552A9BF1130062E7F6 /* TabbarCurvedShape.swift in Sources */,
				75D424072A9CD8AE000A2126 /* PopularCategoryCell.swift in Sources */,
				0DA5A4D32A9CDD9A00356C87 /* TrendingNowCell.swift in Sources */,
				A1C35C512A9BDDDC0062E7F6 /* TabbarRouter.swift in Sources */,
				A129281D2A9B777F00DCE389 /* Endpoint.swift in Sources */,
				A12928382A9B904800DCE389 /* ListOfRecipeShortModel.swift in Sources */,
				A12928302A9B8BC200DCE389 /* URLResponse+Ext.swift in Sources */,
				A12319B52A9BBFF800E2AA57 /* Tabbar.swift in Sources */,
				758652602A9B2C6A0015C547 /* HomeView.swift in Sources */,
				ACF1BD002A9E077000DB23C8 /* UIApplication.swift in Sources */,
				A12928352A9B8E5100DCE389 /* TestScreen.swift in Sources */,
				ACF1BCFE2A9E06A300DB23C8 /* SearchBarView.swift in Sources */,
				A129281E2A9B777F00DCE389 /* HTTPClient.swift in Sources */,
				758652542A9B29D10015C547 /* ContentView.swift in Sources */,
				758652672A9B306E0015C547 /* AddRecipeView.swift in Sources */,
				A10CD65B2A9BCA2000FF2954 /* Color+Ext.swift in Sources */,
				758652622A9B2CB60015C547 /* SavedRecipesView.swift in Sources */,
				A129282E2A9B86B500DCE389 /* RecipeEndpoint.swift in Sources */,
				0D0FFE3F2A9DF7500051AC4C /* Fonts.swift in Sources */,
				A12928332A9B8DA800DCE389 /* NetworkAggregateModel.swift in Sources */,
				A12319B72A9BC49F00E2AA57 /* TabItem.swift in Sources */,
				758652642A9B2F5E0015C547 /* TrendingNowView.swift in Sources */,
				A1C35C4E2A9BD0D00062E7F6 /* TabPlusButton.swift in Sources */,
				A1C35C572A9D34D40062E7F6 /* String+Ext.swift in Sources */,
				A1C35C532A9BE3E40062E7F6 /* ProfileView.swift in Sources */,
				ACF1BD0E2A9E187400DB23C8 /* MainHomeView.swift in Sources */,
				A129283A2A9B940A00DCE389 /* AlertModel.swift in Sources */,
				A129281F2A9B777F00DCE389 /* RequestMethod.swift in Sources */,
				A12928202A9B777F00DCE389 /* HTTPError.swift in Sources */,
				0DF3ECC92A9B859C006DC73D /* BookmarksCell.swift in Sources */,
				758652522A9B29D10015C547 /* BestRecipesApp.swift in Sources */,
				ACF1BD0C2A9E183800DB23C8 /* seeAllButton.swift in Sources */,
				A1C35C592A9D37FB0062E7F6 /* RecipeFullModel.swift in Sources */,
				ACF1BD042A9E087E00DB23C8 /* RecentRecipeCell.swift in Sources */,
				ACF1BD022A9E080100DB23C8 /* AuthorCell.swift in Sources */,
				A12928282A9B77E800DCE389 /* Constants.swift in Sources */,
			);
			runOnlyForDeploymentPostprocessing = 0;
		};
/* End PBXSourcesBuildPhase section */

/* Begin PBXVariantGroup section */
		A129283F2A9BB01D00DCE389 /* Localizable.strings */ = {
			isa = PBXVariantGroup;
			children = (
				A129283E2A9BB01D00DCE389 /* en */,
				A12928402A9BB02000DCE389 /* ru */,
			);
			name = Localizable.strings;
			sourceTree = "<group>";
		};
/* End PBXVariantGroup section */

/* Begin XCBuildConfiguration section */
		7586525A2A9B29D20015C547 /* Debug */ = {
			isa = XCBuildConfiguration;
			buildSettings = {
				ALWAYS_SEARCH_USER_PATHS = NO;
				CLANG_ANALYZER_NONNULL = YES;
				CLANG_ANALYZER_NUMBER_OBJECT_CONVERSION = YES_AGGRESSIVE;
				CLANG_CXX_LANGUAGE_STANDARD = "gnu++20";
				CLANG_ENABLE_MODULES = YES;
				CLANG_ENABLE_OBJC_ARC = YES;
				CLANG_ENABLE_OBJC_WEAK = YES;
				CLANG_WARN_BLOCK_CAPTURE_AUTORELEASING = YES;
				CLANG_WARN_BOOL_CONVERSION = YES;
				CLANG_WARN_COMMA = YES;
				CLANG_WARN_CONSTANT_CONVERSION = YES;
				CLANG_WARN_DEPRECATED_OBJC_IMPLEMENTATIONS = YES;
				CLANG_WARN_DIRECT_OBJC_ISA_USAGE = YES_ERROR;
				CLANG_WARN_DOCUMENTATION_COMMENTS = YES;
				CLANG_WARN_EMPTY_BODY = YES;
				CLANG_WARN_ENUM_CONVERSION = YES;
				CLANG_WARN_INFINITE_RECURSION = YES;
				CLANG_WARN_INT_CONVERSION = YES;
				CLANG_WARN_NON_LITERAL_NULL_CONVERSION = YES;
				CLANG_WARN_OBJC_IMPLICIT_RETAIN_SELF = YES;
				CLANG_WARN_OBJC_LITERAL_CONVERSION = YES;
				CLANG_WARN_OBJC_ROOT_CLASS = YES_ERROR;
				CLANG_WARN_QUOTED_INCLUDE_IN_FRAMEWORK_HEADER = YES;
				CLANG_WARN_RANGE_LOOP_ANALYSIS = YES;
				CLANG_WARN_STRICT_PROTOTYPES = YES;
				CLANG_WARN_SUSPICIOUS_MOVE = YES;
				CLANG_WARN_UNGUARDED_AVAILABILITY = YES_AGGRESSIVE;
				CLANG_WARN_UNREACHABLE_CODE = YES;
				CLANG_WARN__DUPLICATE_METHOD_MATCH = YES;
				COPY_PHASE_STRIP = NO;
				DEBUG_INFORMATION_FORMAT = dwarf;
				ENABLE_STRICT_OBJC_MSGSEND = YES;
				ENABLE_TESTABILITY = YES;
				GCC_C_LANGUAGE_STANDARD = gnu11;
				GCC_DYNAMIC_NO_PIC = NO;
				GCC_NO_COMMON_BLOCKS = YES;
				GCC_OPTIMIZATION_LEVEL = 0;
				GCC_PREPROCESSOR_DEFINITIONS = (
					"DEBUG=1",
					"$(inherited)",
				);
				GCC_WARN_64_TO_32_BIT_CONVERSION = YES;
				GCC_WARN_ABOUT_RETURN_TYPE = YES_ERROR;
				GCC_WARN_UNDECLARED_SELECTOR = YES;
				GCC_WARN_UNINITIALIZED_AUTOS = YES_AGGRESSIVE;
				GCC_WARN_UNUSED_FUNCTION = YES;
				GCC_WARN_UNUSED_VARIABLE = YES;
				IPHONEOS_DEPLOYMENT_TARGET = 15.6;
				MTL_ENABLE_DEBUG_INFO = INCLUDE_SOURCE;
				MTL_FAST_MATH = YES;
				ONLY_ACTIVE_ARCH = YES;
				SDKROOT = iphoneos;
				SWIFT_ACTIVE_COMPILATION_CONDITIONS = DEBUG;
				SWIFT_OPTIMIZATION_LEVEL = "-Onone";
			};
			name = Debug;
		};
		7586525B2A9B29D20015C547 /* Release */ = {
			isa = XCBuildConfiguration;
			buildSettings = {
				ALWAYS_SEARCH_USER_PATHS = NO;
				CLANG_ANALYZER_NONNULL = YES;
				CLANG_ANALYZER_NUMBER_OBJECT_CONVERSION = YES_AGGRESSIVE;
				CLANG_CXX_LANGUAGE_STANDARD = "gnu++20";
				CLANG_ENABLE_MODULES = YES;
				CLANG_ENABLE_OBJC_ARC = YES;
				CLANG_ENABLE_OBJC_WEAK = YES;
				CLANG_WARN_BLOCK_CAPTURE_AUTORELEASING = YES;
				CLANG_WARN_BOOL_CONVERSION = YES;
				CLANG_WARN_COMMA = YES;
				CLANG_WARN_CONSTANT_CONVERSION = YES;
				CLANG_WARN_DEPRECATED_OBJC_IMPLEMENTATIONS = YES;
				CLANG_WARN_DIRECT_OBJC_ISA_USAGE = YES_ERROR;
				CLANG_WARN_DOCUMENTATION_COMMENTS = YES;
				CLANG_WARN_EMPTY_BODY = YES;
				CLANG_WARN_ENUM_CONVERSION = YES;
				CLANG_WARN_INFINITE_RECURSION = YES;
				CLANG_WARN_INT_CONVERSION = YES;
				CLANG_WARN_NON_LITERAL_NULL_CONVERSION = YES;
				CLANG_WARN_OBJC_IMPLICIT_RETAIN_SELF = YES;
				CLANG_WARN_OBJC_LITERAL_CONVERSION = YES;
				CLANG_WARN_OBJC_ROOT_CLASS = YES_ERROR;
				CLANG_WARN_QUOTED_INCLUDE_IN_FRAMEWORK_HEADER = YES;
				CLANG_WARN_RANGE_LOOP_ANALYSIS = YES;
				CLANG_WARN_STRICT_PROTOTYPES = YES;
				CLANG_WARN_SUSPICIOUS_MOVE = YES;
				CLANG_WARN_UNGUARDED_AVAILABILITY = YES_AGGRESSIVE;
				CLANG_WARN_UNREACHABLE_CODE = YES;
				CLANG_WARN__DUPLICATE_METHOD_MATCH = YES;
				COPY_PHASE_STRIP = NO;
				DEBUG_INFORMATION_FORMAT = "dwarf-with-dsym";
				ENABLE_NS_ASSERTIONS = NO;
				ENABLE_STRICT_OBJC_MSGSEND = YES;
				GCC_C_LANGUAGE_STANDARD = gnu11;
				GCC_NO_COMMON_BLOCKS = YES;
				GCC_WARN_64_TO_32_BIT_CONVERSION = YES;
				GCC_WARN_ABOUT_RETURN_TYPE = YES_ERROR;
				GCC_WARN_UNDECLARED_SELECTOR = YES;
				GCC_WARN_UNINITIALIZED_AUTOS = YES_AGGRESSIVE;
				GCC_WARN_UNUSED_FUNCTION = YES;
				GCC_WARN_UNUSED_VARIABLE = YES;
				IPHONEOS_DEPLOYMENT_TARGET = 15.6;
				MTL_ENABLE_DEBUG_INFO = NO;
				MTL_FAST_MATH = YES;
				SDKROOT = iphoneos;
				SWIFT_COMPILATION_MODE = wholemodule;
				SWIFT_OPTIMIZATION_LEVEL = "-O";
				VALIDATE_PRODUCT = YES;
			};
			name = Release;
		};
		7586525D2A9B29D20015C547 /* Debug */ = {
			isa = XCBuildConfiguration;
			buildSettings = {
				ALWAYS_EMBED_SWIFT_STANDARD_LIBRARIES = NO;
				ASSETCATALOG_COMPILER_APPICON_NAME = AppIcon;
				ASSETCATALOG_COMPILER_GLOBAL_ACCENT_COLOR_NAME = AccentColor;
				CODE_SIGN_STYLE = Automatic;
				CURRENT_PROJECT_VERSION = 1;
				DEVELOPMENT_ASSET_PATHS = "\"BestRecipes/Preview Content\"";
				DEVELOPMENT_TEAM = M87C32M9C3;
				ENABLE_PREVIEWS = YES;
				GENERATE_INFOPLIST_FILE = YES;
				INFOPLIST_FILE = BestRecipes/Info.plist;
				INFOPLIST_KEY_CFBundleDisplayName = BestRecipes;
				INFOPLIST_KEY_LSApplicationCategoryType = "public.app-category.food-and-drink";
				INFOPLIST_KEY_UIApplicationSceneManifest_Generation = YES;
				INFOPLIST_KEY_UIApplicationSupportsIndirectInputEvents = YES;
				INFOPLIST_KEY_UILaunchScreen_Generation = YES;
				INFOPLIST_KEY_UISupportedInterfaceOrientations = UIInterfaceOrientationPortrait;
				INFOPLIST_KEY_UISupportedInterfaceOrientations_iPad = "UIInterfaceOrientationLandscapeLeft UIInterfaceOrientationLandscapeRight UIInterfaceOrientationPortrait UIInterfaceOrientationPortraitUpsideDown";
				IPHONEOS_DEPLOYMENT_TARGET = 15.6;
				LD_RUNPATH_SEARCH_PATHS = (
					"$(inherited)",
					"@executable_path/Frameworks",
				);
				MARKETING_VERSION = 1.0;
				ONLY_ACTIVE_ARCH = YES;
				PRODUCT_BUNDLE_IDENTIFIER = com.tacarlen.BestRecipes;
				PRODUCT_NAME = "$(TARGET_NAME)";
				SUPPORTED_PLATFORMS = "iphoneos iphonesimulator";
				SUPPORTS_MACCATALYST = NO;
				SUPPORTS_MAC_DESIGNED_FOR_IPHONE_IPAD = NO;
				SWIFT_EMIT_LOC_STRINGS = YES;
				SWIFT_VERSION = 5.0;
				TARGETED_DEVICE_FAMILY = 1;
			};
			name = Debug;
		};
		7586525E2A9B29D20015C547 /* Release */ = {
			isa = XCBuildConfiguration;
			buildSettings = {
				ALWAYS_EMBED_SWIFT_STANDARD_LIBRARIES = NO;
				ASSETCATALOG_COMPILER_APPICON_NAME = AppIcon;
				ASSETCATALOG_COMPILER_GLOBAL_ACCENT_COLOR_NAME = AccentColor;
				CODE_SIGN_STYLE = Automatic;
				CURRENT_PROJECT_VERSION = 1;
				DEVELOPMENT_ASSET_PATHS = "\"BestRecipes/Preview Content\"";
				DEVELOPMENT_TEAM = M87C32M9C3;
				ENABLE_PREVIEWS = YES;
				GENERATE_INFOPLIST_FILE = YES;
				INFOPLIST_FILE = BestRecipes/Info.plist;
				INFOPLIST_KEY_CFBundleDisplayName = BestRecipes;
				INFOPLIST_KEY_LSApplicationCategoryType = "public.app-category.food-and-drink";
				INFOPLIST_KEY_UIApplicationSceneManifest_Generation = YES;
				INFOPLIST_KEY_UIApplicationSupportsIndirectInputEvents = YES;
				INFOPLIST_KEY_UILaunchScreen_Generation = YES;
				INFOPLIST_KEY_UISupportedInterfaceOrientations = UIInterfaceOrientationPortrait;
				INFOPLIST_KEY_UISupportedInterfaceOrientations_iPad = "UIInterfaceOrientationLandscapeLeft UIInterfaceOrientationLandscapeRight UIInterfaceOrientationPortrait UIInterfaceOrientationPortraitUpsideDown";
				IPHONEOS_DEPLOYMENT_TARGET = 15.6;
				LD_RUNPATH_SEARCH_PATHS = (
					"$(inherited)",
					"@executable_path/Frameworks",
				);
				MARKETING_VERSION = 1.0;
				ONLY_ACTIVE_ARCH = YES;
				PRODUCT_BUNDLE_IDENTIFIER = com.tacarlen.BestRecipes;
				PRODUCT_NAME = "$(TARGET_NAME)";
				SUPPORTED_PLATFORMS = "iphoneos iphonesimulator";
				SUPPORTS_MACCATALYST = NO;
				SUPPORTS_MAC_DESIGNED_FOR_IPHONE_IPAD = NO;
				SWIFT_EMIT_LOC_STRINGS = YES;
				SWIFT_VERSION = 5.0;
				TARGETED_DEVICE_FAMILY = 1;
			};
			name = Release;
		};
/* End XCBuildConfiguration section */

/* Begin XCConfigurationList section */
		758652492A9B29D10015C547 /* Build configuration list for PBXProject "BestRecipes" */ = {
			isa = XCConfigurationList;
			buildConfigurations = (
				7586525A2A9B29D20015C547 /* Debug */,
				7586525B2A9B29D20015C547 /* Release */,
			);
			defaultConfigurationIsVisible = 0;
			defaultConfigurationName = Release;
		};
		7586525C2A9B29D20015C547 /* Build configuration list for PBXNativeTarget "BestRecipes" */ = {
			isa = XCConfigurationList;
			buildConfigurations = (
				7586525D2A9B29D20015C547 /* Debug */,
				7586525E2A9B29D20015C547 /* Release */,
			);
			defaultConfigurationIsVisible = 0;
			defaultConfigurationName = Release;
		};
/* End XCConfigurationList section */

/* Begin XCRemoteSwiftPackageReference section */
		A129282A2A9B7A7A00DCE389 /* XCRemoteSwiftPackageReference "Kingfisher" */ = {
			isa = XCRemoteSwiftPackageReference;
			repositoryURL = "https://github.com/onevcat/Kingfisher.git";
			requirement = {
				kind = upToNextMajorVersion;
				minimumVersion = 7.0.0;
			};
		};
/* End XCRemoteSwiftPackageReference section */

/* Begin XCSwiftPackageProductDependency section */
		A129282B2A9B7A7A00DCE389 /* Kingfisher */ = {
			isa = XCSwiftPackageProductDependency;
			package = A129282A2A9B7A7A00DCE389 /* XCRemoteSwiftPackageReference "Kingfisher" */;
			productName = Kingfisher;
		};
/* End XCSwiftPackageProductDependency section */
	};
	rootObject = 758652462A9B29D10015C547 /* Project object */;
}
